
Microsoft Visual Studio Solution File, Format Version 12.00
# Visual Studio Version 17
VisualStudioVersion = 17.5.33516.290
MinimumVisualStudioVersion = 10.0.40219.1
Project("{8BC9CEB8-8B4A-11D0-8D11-00A0C91BC942}") = "GPUDrivenSpriteRenderer", "GPUDrivenSpriteRenderer.vcxproj", "{0056F0C7-C697-4CEA-B45F-295C828309C2}"
EndProject
Global
	GlobalSection(SolutionConfigurationPlatforms) = preSolution
		Debug|x64 = Debug|x64
		Release|x64 = Release|x64
	EndGlobalSection
	GlobalSection(ProjectConfigurationPlatforms) = postSolution
		{0056F0C7-C697-4CEA-B45F-295C828309C2}.Debug|x64.ActiveCfg = Debug|x64
		{0056F0C7-C697-4CEA-B45F-295C828309C2}.Debug|x64.Build.0 = Debug|x64
		{0056F0C7-C697-4CEA-B45F-295C828309C2}.Release|x64.ActiveCfg = Release|x64
		{0056F0C7-C697-4CEA-B45F-295C828309C2}.Release|x64.Build.0 = Release|x64
	EndGlobalSection
	GlobalSection(SolutionProperties) = preSolution
		HideSolutionNode = FALSE
	EndGlobalSection
	GlobalSection(ExtensibilityGlobals) = postSolution
		SolutionGuid = {CFDCDC4D-64E5-47D5-8F0C-C648B35BA424}
	EndGlobalSection
EndGlobal
